// !$*UTF8*$!
{
	archiveVersion = 1;
	classes = {
	};
	objectVersion = 46;
	objects = {

/* Begin PBXBuildFile section */
		22325BB81C62395E006879FF /* AppDelegate.swift in Sources */ = {isa = PBXBuildFile; fileRef = 22325BB71C62395E006879FF /* AppDelegate.swift */; };
		22325BBA1C62395E006879FF /* ViewController.swift in Sources */ = {isa = PBXBuildFile; fileRef = 22325BB91C62395E006879FF /* ViewController.swift */; };
		22325BBD1C62395E006879FF /* Main.storyboard in Resources */ = {isa = PBXBuildFile; fileRef = 22325BBB1C62395E006879FF /* Main.storyboard */; };
		22325BBF1C62395E006879FF /* Assets.xcassets in Resources */ = {isa = PBXBuildFile; fileRef = 22325BBE1C62395E006879FF /* Assets.xcassets */; };
		22325BC21C62395E006879FF /* LaunchScreen.storyboard in Resources */ = {isa = PBXBuildFile; fileRef = 22325BC01C62395E006879FF /* LaunchScreen.storyboard */; };
		22325BCD1C62395E006879FF /* PercentageCalculatorTests.swift in Sources */ = {isa = PBXBuildFile; fileRef = 22325BCC1C62395E006879FF /* PercentageCalculatorTests.swift */; };
/* End PBXBuildFile section */

/* Begin PBXContainerItemProxy section */
		22325BC91C62395E006879FF /* PBXContainerItemProxy */ = {
			isa = PBXContainerItemProxy;
			containerPortal = 22325BAC1C62395E006879FF /* Project object */;
			proxyType = 1;
			remoteGlobalIDString = 22325BB31C62395E006879FF;
			remoteInfo = PercentageCalculator;
		};
/* End PBXContainerItemProxy section */

/* Begin PBXFileReference section */
		22325BB41C62395E006879FF /* PercentageCalculator.app */ = {isa = PBXFileReference; explicitFileType = wrapper.application; includeInIndex = 0; path = PercentageCalculator.app; sourceTree = BUILT_PRODUCTS_DIR; };
		22325BB71C62395E006879FF /* AppDelegate.swift */ = {isa = PBXFileReference; lastKnownFileType = sourcecode.swift; path = AppDelegate.swift; sourceTree = "<group>"; };
		22325BB91C62395E006879FF /* ViewController.swift */ = {isa = PBXFileReference; lastKnownFileType = sourcecode.swift; path = ViewController.swift; sourceTree = "<group>"; };
		22325BBC1C62395E006879FF /* Base */ = {isa = PBXFileReference; lastKnownFileType = file.storyboard; name = Base; path = Base.lproj/Main.storyboard; sourceTree = "<group>"; };
		22325BBE1C62395E006879FF /* Assets.xcassets */ = {isa = PBXFileReference; lastKnownFileType = folder.assetcatalog; path = Assets.xcassets; sourceTree = "<group>"; };
		22325BC11C62395E006879FF /* Base */ = {isa = PBXFileReference; lastKnownFileType = file.storyboard; name = Base; path = Base.lproj/LaunchScreen.storyboard; sourceTree = "<group>"; };
		22325BC31C62395E006879FF /* Info.plist */ = {isa = PBXFileReference; lastKnownFileType = text.plist.xml; path = Info.plist; sourceTree = "<group>"; };
		22325BC81C62395E006879FF /* PercentageCalculatorTests.xctest */ = {isa = PBXFileReference; explicitFileType = wrapper.cfbundle; includeInIndex = 0; path = PercentageCalculatorTests.xctest; sourceTree = BUILT_PRODUCTS_DIR; };
		22325BCC1C62395E006879FF /* PercentageCalculatorTests.swift */ = {isa = PBXFileReference; lastKnownFileType = sourcecode.swift; path = PercentageCalculatorTests.swift; sourceTree = "<group>"; };
		22325BCE1C62395E006879FF /* Info.plist */ = {isa = PBXFileReference; lastKnownFileType = text.plist.xml; path = Info.plist; sourceTree = "<group>"; };
/* End PBXFileReference section */

/* Begin PBXFrameworksBuildPhase section */
		22325BB11C62395E006879FF /* Frameworks */ = {
			isa = PBXFrameworksBuildPhase;
			buildActionMask = 2147483647;
			files = (
			);
			runOnlyForDeploymentPostprocessing = 0;
		};
		22325BC51C62395E006879FF /* Frameworks */ = {
			isa = PBXFrameworksBuildPhase;
			buildActionMask = 2147483647;
			files = (
			);
			runOnlyForDeploymentPostprocessing = 0;
		};
/* End PBXFrameworksBuildPhase section */

/* Begin PBXGroup section */
		22325BAB1C62395E006879FF = {
			isa = PBXGroup;
			children = (
				22325BB61C62395E006879FF /* PercentageCalculator */,
				22325BCB1C62395E006879FF /* PercentageCalculatorTests */,
				22325BB51C62395E006879FF /* Products */,
			);
			sourceTree = "<group>";
		};
		22325BB51C62395E006879FF /* Products */ = {
			isa = PBXGroup;
			children = (
				22325BB41C62395E006879FF /* PercentageCalculator.app */,
				22325BC81C62395E006879FF /* PercentageCalculatorTests.xctest */,
			);
			name = Products;
			sourceTree = "<group>";
		};
		22325BB61C62395E006879FF /* PercentageCalculator */ = {
			isa = PBXGroup;
			children = (
				22325BB71C62395E006879FF /* AppDelegate.swift */,
				22325BB91C62395E006879FF /* ViewController.swift */,
				22325BBB1C62395E006879FF /* Main.storyboard */,
				22325BBE1C62395E006879FF /* Assets.xcassets */,
				22325BC01C62395E006879FF /* LaunchScreen.storyboard */,
				22325BC31C62395E006879FF /* Info.plist */,
			);
			path = PercentageCalculator;
			sourceTree = "<group>";
		};
		22325BCB1C62395E006879FF /* PercentageCalculatorTests */ = {
			isa = PBXGroup;
			children = (
				22325BCC1C62395E006879FF /* PercentageCalculatorTests.swift */,
				22325BCE1C62395E006879FF /* Info.plist */,
			);
			path = PercentageCalculatorTests;
			sourceTree = "<group>";
		};
/* End PBXGroup section */

/* Begin PBXNativeTarget section */
		22325BB31C62395E006879FF /* PercentageCalculator */ = {
			isa = PBXNativeTarget;
			buildConfigurationList = 22325BD11C62395E006879FF /* Build configuration list for PBXNativeTarget "PercentageCalculator" */;
			buildPhases = (
				22325BB01C62395E006879FF /* Sources */,
				22325BB11C62395E006879FF /* Frameworks */,
				22325BB21C62395E006879FF /* Resources */,
			);
			buildRules = (
			);
			dependencies = (
			);
			name = PercentageCalculator;
			productName = PercentageCalculator;
			productReference = 22325BB41C62395E006879FF /* PercentageCalculator.app */;
			productType = "com.apple.product-type.application";
		};
		22325BC71C62395E006879FF /* PercentageCalculatorTests */ = {
			isa = PBXNativeTarget;
			buildConfigurationList = 22325BD41C62395E006879FF /* Build configuration list for PBXNativeTarget "PercentageCalculatorTests" */;
			buildPhases = (
				22325BC41C62395E006879FF /* Sources */,
				22325BC51C62395E006879FF /* Frameworks */,
				22325BC61C62395E006879FF /* Resources */,
			);
			buildRules = (
			);
			dependencies = (
				22325BCA1C62395E006879FF /* PBXTargetDependency */,
			);
			name = PercentageCalculatorTests;
			productName = PercentageCalculatorTests;
			productReference = 22325BC81C62395E006879FF /* PercentageCalculatorTests.xctest */;
			productType = "com.apple.product-type.bundle.unit-test";
		};
/* End PBXNativeTarget section */

/* Begin PBXProject section */
		22325BAC1C62395E006879FF /* Project object */ = {
			isa = PBXProject;
			attributes = {
				LastSwiftUpdateCheck = 0720;
				LastUpgradeCheck = 0720;
				ORGANIZATIONNAME = "App Coda";
				TargetAttributes = {
					22325BB31C62395E006879FF = {
						CreatedOnToolsVersion = 7.2;
					};
					22325BC71C62395E006879FF = {
						CreatedOnToolsVersion = 7.2;
						TestTargetID = 22325BB31C62395E006879FF;
					};
				};
			};
			buildConfigurationList = 22325BAF1C62395E006879FF /* Build configuration list for PBXProject "PercentageCalculator" */;
			compatibilityVersion = "Xcode 3.2";
			developmentRegion = English;
			hasScannedForEncodings = 0;
			knownRegions = (
				en,
				Base,
			);
			mainGroup = 22325BAB1C62395E006879FF;
			productRefGroup = 22325BB51C62395E006879FF /* Products */;
			projectDirPath = "";
			projectRoot = "";
			targets = (
				22325BB31C62395E006879FF /* PercentageCalculator */,
				22325BC71C62395E006879FF /* PercentageCalculatorTests */,
			);
		};
/* End PBXProject section */

/* Begin PBXResourcesBuildPhase section */
		22325BB21C62395E006879FF /* Resources */ = {
			isa = PBXResourcesBuildPhase;
			buildActionMask = 2147483647;
			files = (
				22325BC21C62395E006879FF /* LaunchScreen.storyboard in Resources */,
				22325BBF1C62395E006879FF /* Assets.xcassets in Resources */,
				22325BBD1C62395E006879FF /* Main.storyboard in Resources */,
			);
			runOnlyForDeploymentPostprocessing = 0;
		};
		22325BC61C62395E006879FF /* Resources */ = {
			isa = PBXResourcesBuildPhase;
			buildActionMask = 2147483647;
			files = (
			);
			runOnlyForDeploymentPostprocessing = 0;
		};
/* End PBXResourcesBuildPhase section */

/* Begin PBXSourcesBuildPhase section */
		22325BB01C62395E006879FF /* Sources */ = {
			isa = PBXSourcesBuildPhase;
			buildActionMask = 2147483647;
			files = (
				22325BBA1C62395E006879FF /* ViewController.swift in Sources */,
				22325BB81C62395E006879FF /* AppDelegate.swift in Sources */,
			);
			runOnlyForDeploymentPostprocessing = 0;
		};
		22325BC41C62395E006879FF /* Sources */ = {
			isa = PBXSourcesBuildPhase;
			buildActionMask = 2147483647;
			files = (
				22325BCD1C62395E006879FF /* PercentageCalculatorTests.swift in Sources */,
			);
			runOnlyForDeploymentPostprocessing = 0;
		};
/* End PBXSourcesBuildPhase section */

/* Begin PBXTargetDependency section */
		22325BCA1C62395E006879FF /* PBXTargetDependency */ = {
			isa = PBXTargetDependency;
			target = 22325BB31C62395E006879FF /* PercentageCalculator */;
			targetProxy = 22325BC91C62395E006879FF /* PBXContainerItemProxy */;
		};
/* End PBXTargetDependency section */

/* Begin PBXVariantGroup section */
		22325BBB1C62395E006879FF /* Main.storyboard */ = {
			isa = PBXVariantGroup;
			children = (
				22325BBC1C62395E006879FF /* Base */,
			);
			name = Main.storyboard;
			sourceTree = "<group>";
		};
		22325BC01C62395E006879FF /* LaunchScreen.storyboard */ = {
			isa = PBXVariantGroup;
			children = (
				22325BC11C62395E006879FF /* Base */,
			);
			name = LaunchScreen.storyboard;
			sourceTree = "<group>";
		};
/* End PBXVariantGroup section */

/* Begin XCBuildConfiguration section */
		22325BCF1C62395E006879FF /* Debug */ = {
			isa = XCBuildConfiguration;
			buildSettings = {
				ALWAYS_SEARCH_USER_PATHS = NO;
				CLANG_CXX_LANGUAGE_STANDARD = "gnu++0x";
				CLANG_CXX_LIBRARY = "libc++";
				CLANG_ENABLE_MODULES = YES;
				CLANG_ENABLE_OBJC_ARC = YES;
				CLANG_WARN_BOOL_CONVERSION = YES;
				CLANG_WARN_CONSTANT_CONVERSION = YES;
				CLANG_WARN_DIRECT_OBJC_ISA_USAGE = YES_ERROR;
				CLANG_WARN_EMPTY_BODY = YES;
				CLANG_WARN_ENUM_CONVERSION = YES;
				CLANG_WARN_INT_CONVERSION = YES;
				CLANG_WARN_OBJC_ROOT_CLASS = YES_ERROR;
				CLANG_WARN_UNREACHABLE_CODE = YES;
				CLANG_WARN__DUPLICATE_METHOD_MATCH = YES;
				"CODE_SIGN_IDENTITY[sdk=iphoneos*]" = "iPhone Developer";
				COPY_PHASE_STRIP = NO;
				DEBUG_INFORMATION_FORMAT = dwarf;
				ENABLE_STRICT_OBJC_MSGSEND = YES;
				ENABLE_TESTABILITY = YES;
				GCC_C_LANGUAGE_STANDARD = gnu99;
				GCC_DYNAMIC_NO_PIC = NO;
				GCC_NO_COMMON_BLOCKS = YES;
				GCC_OPTIMIZATION_LEVEL = 0;
				GCC_PREPROCESSOR_DEFINITIONS = (
					"DEBUG=1",
					"$(inherited)",
				);
				GCC_WARN_64_TO_32_BIT_CONVERSION = YES;
				GCC_WARN_ABOUT_RETURN_TYPE = YES_ERROR;
				GCC_WARN_UNDECLARED_SELECTOR = YES;
				GCC_WARN_UNINITIALIZED_AUTOS = YES_AGGRESSIVE;
				GCC_WARN_UNUSED_FUNCTION = YES;
				GCC_WARN_UNUSED_VARIABLE = YES;
				IPHONEOS_DEPLOYMENT_TARGET = 9.2;
				MTL_ENABLE_DEBUG_INFO = YES;
				ONLY_ACTIVE_ARCH = YES;
				SDKROOT = iphoneos;
				SWIFT_OPTIMIZATION_LEVEL = "-Onone";
			};
			name = Debug;
		};
		22325BD01C62395E006879FF /* Release */ = {
			isa = XCBuildConfiguration;
			buildSettings = {
				ALWAYS_SEARCH_USER_PATHS = NO;
				CLANG_CXX_LANGUAGE_STANDARD = "gnu++0x";
				CLANG_CXX_LIBRARY = "libc++";
				CLANG_ENABLE_MODULES = YES;
				CLANG_ENABLE_OBJC_ARC = YES;
				CLANG_WARN_BOOL_CONVERSION = YES;
				CLANG_WARN_CONSTANT_CONVERSION = YES;
				CLANG_WARN_DIRECT_OBJC_ISA_USAGE = YES_ERROR;
				CLANG_WARN_EMPTY_BODY = YES;
				CLANG_WARN_ENUM_CONVERSION = YES;
				CLANG_WARN_INT_CONVERSION = YES;
				CLANG_WARN_OBJC_ROOT_CLASS = YES_ERROR;
				CLANG_WARN_UNREACHABLE_CODE = YES;
				CLANG_WARN__DUPLICATE_METHOD_MATCH = YES;
				"CODE_SIGN_IDENTITY[sdk=iphoneos*]" = "iPhone Developer";
				COPY_PHASE_STRIP = NO;
				DEBUG_INFORMATION_FORMAT = "dwarf-with-dsym";
				ENABLE_NS_ASSERTIONS = NO;
				ENABLE_STRICT_OBJC_MSGSEND = YES;
				GCC_C_LANGUAGE_STANDARD = gnu99;
				GCC_NO_COMMON_BLOCKS = YES;
				GCC_WARN_64_TO_32_BIT_CONVERSION = YES;
				GCC_WARN_ABOUT_RETURN_TYPE = YES_ERROR;
				GCC_WARN_UNDECLARED_SELECTOR = YES;
				GCC_WARN_UNINITIALIZED_AUTOS = YES_AGGRESSIVE;
				GCC_WARN_UNUSED_FUNCTION = YES;
				GCC_WARN_UNUSED_VARIABLE = YES;
				IPHONEOS_DEPLOYMENT_TARGET = 9.2;
				MTL_ENABLE_DEBUG_INFO = NO;
				SDKROOT = iphoneos;
				VALIDATE_PRODUCT = YES;
			};
			name = Release;
		};
		22325BD21C62395E006879FF /* Debug */ = {
			isa = XCBuildConfiguration;
			buildSettings = {
				ASSETCATALOG_COMPILER_APPICON_NAME = AppIcon;
				INFOPLIST_FILE = PercentageCalculator/Info.plist;
				LD_RUNPATH_SEARCH_PATHS = "$(inherited) @executable_path/Frameworks";
				PRODUCT_BUNDLE_IDENTIFIER = com.appcoda.PercentageCalculator;
				PRODUCT_NAME = "$(TARGET_NAME)";
			};
			name = Debug;
		};
		22325BD31C62395E006879FF /* Release */ = {
			isa = XCBuildConfiguration;
			buildSettings = {
				ASSETCATALOG_COMPILER_APPICON_NAME = AppIcon;
				INFOPLIST_FILE = PercentageCalculator/Info.plist;
				LD_RUNPATH_SEARCH_PATHS = "$(inherited) @executable_path/Frameworks";
				PRODUCT_BUNDLE_IDENTIFIER = com.appcoda.PercentageCalculator;
				PRODUCT_NAME = "$(TARGET_NAME)";
			};
			name = Release;
		};
		22325BD51C62395E006879FF /* Debug */ = {
			isa = XCBuildConfiguration;
			buildSettings = {
				BUNDLE_LOADER = "$(TEST_HOST)";
				INFOPLIST_FILE = PercentageCalculatorTests/Info.plist;
				LD_RUNPATH_SEARCH_PATHS = "$(inherited) @executable_path/Frameworks @loader_path/Frameworks";
				PRODUCT_BUNDLE_IDENTIFIER = com.appcoda.PercentageCalculatorTests;
				PRODUCT_NAME = "$(TARGET_NAME)";
				TEST_HOST = "$(BUILT_PRODUCTS_DIR)/PercentageCalculator.app/PercentageCalculator";
			};
			name = Debug;
		};
		22325BD61C62395E006879FF /* Release */ = {
			isa = XCBuildConfiguration;
			buildSettings = {
				BUNDLE_LOADER = "$(TEST_HOST)";
				INFOPLIST_FILE = PercentageCalculatorTests/Info.plist;
				LD_RUNPATH_SEARCH_PATHS = "$(inherited) @executable_path/Frameworks @loader_path/Frameworks";
				PRODUCT_BUNDLE_IDENTIFIER = com.appcoda.PercentageCalculatorTests;
				PRODUCT_NAME = "$(TARGET_NAME)";
				TEST_HOST = "$(BUILT_PRODUCTS_DIR)/PercentageCalculator.app/PercentageCalculator";
			};
			name = Release;
		};
/* End XCBuildConfiguration section */

/* Begin XCConfigurationList section */
		22325BAF1C62395E006879FF /* Build configuration list for PBXProject "PercentageCalculator" */ = {
			isa = XCConfigurationList;
			buildConfigurations = (
				22325BCF1C62395E006879FF /* Debug */,
				22325BD01C62395E006879FF /* Release */,
			);
			defaultConfigurationIsVisible = 0;
			defaultConfigurationName = Release;
		};
		22325BD11C62395E006879FF /* Build configuration list for PBXNativeTarget "PercentageCalculator" */ = {
			isa = XCConfigurationList;
			buildConfigurations = (
				22325BD21C62395E006879FF /* Debug */,
				22325BD31C62395E006879FF /* Release */,
			);
			defaultConfigurationIsVisible = 0;
		};
		22325BD41C62395E006879FF /* Build configuration list for PBXNativeTarget "PercentageCalculatorTests" */ = {
			isa = XCConfigurationList;
			buildConfigurations = (
				22325BD51C62395E006879FF /* Debug */,
				22325BD61C62395E006879FF /* Release */,
			);
			defaultConfigurationIsVisible = 0;
		};
/* End XCConfigurationList section */
	};
	rootObject = 22325BAC1C62395E006879FF /* Project object */;
}
